
Microsoft Visual Studio Solution File, Format Version 12.00
# Visual Studio Version 17
VisualStudioVersion = 17.6.33717.318
MinimumVisualStudioVersion = 10.0.40219.1
Project("{FAE04EC0-301F-11D3-BF4B-00C04F79EFBC}") = "TestAvalonia", "TestAvalonia\TestAvalonia.csproj", "{15B8FF8F-B474-4BE9-A635-598B939D85E2}"
EndProject
Project("{FAE04EC0-301F-11D3-BF4B-00C04F79EFBC}") = "TestAvalonia.Android", "TestAvalonia.Android\TestAvalonia.Android.csproj", "{E300F8AC-C4DE-47EA-8127-59D5B4757900}"
EndProject
Project("{FAE04EC0-301F-11D3-BF4B-00C04F79EFBC}") = "TestAvalonia.Desktop", "TestAvalonia.Desktop\TestAvalonia.Desktop.csproj", "{F0EF5A5D-9390-4B1B-9000-CBC64BF16DD2}"
EndProject
Project("{FAE04EC0-301F-11D3-BF4B-00C04F79EFBC}") = "TestAvalonia.iOS", "TestAvalonia.iOS\TestAvalonia.iOS.csproj", "{269C2CC9-30C4-457D-B27E-484CF80EF0AE}"
EndProject
Project("{FAE04EC0-301F-11D3-BF4B-00C04F79EFBC}") = "TestAvalonia.Web", "TestAvalonia.Web\TestAvalonia.Web.csproj", "{8E2EF598-2B57-4636-9D83-5943EBB77742}"
EndProject
Global
	GlobalSection(SolutionConfigurationPlatforms) = preSolution
		Debug|Any CPU = Debug|Any CPU
		Release|Any CPU = Release|Any CPU
	EndGlobalSection
	GlobalSection(ProjectConfigurationPlatforms) = postSolution
		{15B8FF8F-B474-4BE9-A635-598B939D85E2}.Debug|Any CPU.ActiveCfg = Debug|Any CPU
		{15B8FF8F-B474-4BE9-A635-598B939D85E2}.Debug|Any CPU.Build.0 = Debug|Any CPU
		{15B8FF8F-B474-4BE9-A635-598B939D85E2}.Release|Any CPU.ActiveCfg = Release|Any CPU
		{15B8FF8F-B474-4BE9-A635-598B939D85E2}.Release|Any CPU.Build.0 = Release|Any CPU
		{E300F8AC-C4DE-47EA-8127-59D5B4757900}.Debug|Any CPU.ActiveCfg = Debug|Any CPU
		{E300F8AC-C4DE-47EA-8127-59D5B4757900}.Debug|Any CPU.Build.0 = Debug|Any CPU
		{E300F8AC-C4DE-47EA-8127-59D5B4757900}.Debug|Any CPU.Deploy.0 = Debug|Any CPU
		{E300F8AC-C4DE-47EA-8127-59D5B4757900}.Release|Any CPU.ActiveCfg = Release|Any CPU
		{E300F8AC-C4DE-47EA-8127-59D5B4757900}.Release|Any CPU.Build.0 = Release|Any CPU
		{E300F8AC-C4DE-47EA-8127-59D5B4757900}.Release|Any CPU.Deploy.0 = Release|Any CPU
		{F0EF5A5D-9390-4B1B-9000-CBC64BF16DD2}.Debug|Any CPU.ActiveCfg = Debug|Any CPU
		{F0EF5A5D-9390-4B1B-9000-CBC64BF16DD2}.Debug|Any CPU.Build.0 = Debug|Any CPU
		{F0EF5A5D-9390-4B1B-9000-CBC64BF16DD2}.Release|Any CPU.ActiveCfg = Release|Any CPU
		{F0EF5A5D-9390-4B1B-9000-CBC64BF16DD2}.Release|Any CPU.Build.0 = Release|Any CPU
		{269C2CC9-30C4-457D-B27E-484CF80EF0AE}.Debug|Any CPU.ActiveCfg = Debug|Any CPU
		{269C2CC9-30C4-457D-B27E-484CF80EF0AE}.Debug|Any CPU.Build.0 = Debug|Any CPU
		{269C2CC9-30C4-457D-B27E-484CF80EF0AE}.Debug|Any CPU.Deploy.0 = Debug|Any CPU
		{269C2CC9-30C4-457D-B27E-484CF80EF0AE}.Release|Any CPU.ActiveCfg = Release|Any CPU
		{269C2CC9-30C4-457D-B27E-484CF80EF0AE}.Release|Any CPU.Build.0 = Release|Any CPU
		{269C2CC9-30C4-457D-B27E-484CF80EF0AE}.Release|Any CPU.Deploy.0 = Release|Any CPU
		{8E2EF598-2B57-4636-9D83-5943EBB77742}.Debug|Any CPU.ActiveCfg = Debug|Any CPU
		{8E2EF598-2B57-4636-9D83-5943EBB77742}.Debug|Any CPU.Build.0 = Debug|Any CPU
		{8E2EF598-2B57-4636-9D83-5943EBB77742}.Release|Any CPU.ActiveCfg = Release|Any CPU
		{8E2EF598-2B57-4636-9D83-5943EBB77742}.Release|Any CPU.Build.0 = Release|Any CPU
	EndGlobalSection
	GlobalSection(SolutionProperties) = preSolution
		HideSolutionNode = FALSE
	EndGlobalSection
	GlobalSection(ExtensibilityGlobals) = postSolution
		SolutionGuid = {EB2ED215-AAAA-47D8-9D5D-41C0255503DE}
	EndGlobalSection
EndGlobal
